
Microsoft Visual Studio Solution File, Format Version 12.00
# Visual Studio Version 17
VisualStudioVersion = 17.0.31903.59
MinimumVisualStudioVersion = 10.0.40219.1
Project("{2150E333-8FDC-42A3-9474-1A3956D46DE8}") = "src", "src", "{827E0CD3-B72D-47B6-A68D-7590B98EB39B}"
EndProject
Project("{FAE04EC0-301F-11D3-BF4B-00C04F79EFBC}") = "BFA.Persistence", "src\BFA.Persistence\BFA.Persistence.csproj", "{D4FC2335-BAD4-4909-9B34-DF34FDCA3EC7}"
EndProject
Project("{FAE04EC0-301F-11D3-BF4B-00C04F79EFBC}") = "BFA.Infrastructure", "src\BFA.Infrastructure\BFA.Infrastructure.csproj", "{DE29A6F0-D19D-438B-A385-AA0EBCA33BB5}"
EndProject
Project("{FAE04EC0-301F-11D3-BF4B-00C04F79EFBC}") = "BFA.Public.Application", "src\BFA.Public.Application\BFA.Public.Application.csproj", "{C14529FC-6602-4D1B-A729-D8F2A6F1EE26}"
EndProject
Project("{FAE04EC0-301F-11D3-BF4B-00C04F79EFBC}") = "BFA.Admin.Application", "src\BFA.Admin.Application\BFA.Admin.Application.csproj", "{8FFA539B-1BCD-4CAE-813A-FF4B08FB1EC6}"
EndProject
Project("{FAE04EC0-301F-11D3-BF4B-00C04F79EFBC}") = "BFA.Public.Api", "src\BFA.Public.Api\BFA.Public.Api.csproj", "{8EB2B908-C115-4ECB-95A7-9BA866D52EFB}"
EndProject
Project("{FAE04EC0-301F-11D3-BF4B-00C04F79EFBC}") = "BFA.Admin.Api", "src\BFA.Admin.Api\BFA.Admin.Api.csproj", "{6BA02F16-8A9D-4816-AD93-7C5CC69820D0}"
EndProject
Project("{FAE04EC0-301F-11D3-BF4B-00C04F79EFBC}") = "BFA.Supplier.Application", "src\BFA.Supplier.Application\BFA.Supplier.Application.csproj", "{38BE627C-9CB5-44C7-916E-114E7D25887F}"
EndProject
Project("{FAE04EC0-301F-11D3-BF4B-00C04F79EFBC}") = "BFA.Supplier.Api", "src\BFA.Supplier.Api\BFA.Supplier.Api.csproj", "{2806FBBD-6266-486E-8DAE-896C7C17185C}"
EndProject
Project("{2150E333-8FDC-42A3-9474-1A3956D46DE8}") = "BuildingBlocks", "BuildingBlocks", "{90298CBA-BD6F-3A0A-69D5-97CAD7B05E7E}"
EndProject
Project("{FAE04EC0-301F-11D3-BF4B-00C04F79EFBC}") = "BFA.BuildingBlocks.Domain", "src\BuildingBlocks\BFA.BuildingBlocks.Domain\BFA.BuildingBlocks.Domain.csproj", "{4201135F-0075-4583-8806-D8C05EB06724}"
EndProject
Project("{FAE04EC0-301F-11D3-BF4B-00C04F79EFBC}") = "BFA.BuildingBlocks.Application", "src\BuildingBlocks\BFA.BuildingBlocks.Application\BFA.BuildingBlocks.Application.csproj", "{8609CE29-F99A-43F6-AC2E-43F961699712}"
EndProject
Project("{2150E333-8FDC-42A3-9474-1A3956D46DE8}") = "Modules", "Modules", "{EC447DCF-ABFA-6E24-52A5-D7FD48A5C558}"
EndProject
Project("{2150E333-8FDC-42A3-9474-1A3956D46DE8}") = "Identity", "Identity", "{0EC62A1A-9858-3A60-8A0C-FC9AACFA2EC7}"
EndProject
Project("{FAE04EC0-301F-11D3-BF4B-00C04F79EFBC}") = "BFA.Modules.Identity.Domain", "src\Modules\Identity\BFA.Modules.Identity.Domain\BFA.Modules.Identity.Domain.csproj", "{5C6F6D35-BC1B-4372-B623-2B071B25419C}"
EndProject
Project("{FAE04EC0-301F-11D3-BF4B-00C04F79EFBC}") = "BFA.Modules.Suppliers.Domain", "src\Modules\Suppliers\BFA.Modules.Suppliers.Domain\BFA.Modules.Suppliers.Domain.csproj", "{26C611A2-18A5-42BB-9098-AFFB79155E1B}"
EndProject
Project("{FAE04EC0-301F-11D3-BF4B-00C04F79EFBC}") = "BFA.Modules.Catalog.Domain", "src\Modules\Catalog\BFA.Modules.Catalog.Domain\BFA.Modules.Catalog.Domain.csproj", "{2102D98B-ACBF-4DF7-8B38-4A501C6BF50D}"
EndProject
Project("{FAE04EC0-301F-11D3-BF4B-00C04F79EFBC}") = "BFA.Hangfire.Application", "src\BFA.Hangfire.Application\BFA.Hangfire.Application.csproj", "{A47450ED-B7A8-4B32-9959-4474F523DF18}"
EndProject
Project("{FAE04EC0-301F-11D3-BF4B-00C04F79EFBC}") = "BFA.Hangfire", "src\BFA.Hangfire\BFA.Hangfire.csproj", "{294F67E5-B826-42B8-B720-D7904468AA07}"
EndProject
Project("{2150E333-8FDC-42A3-9474-1A3956D46DE8}") = "Inventory", "Inventory", "{18C073E0-6CB1-4693-3636-BFEE619A6192}"
EndProject
Project("{FAE04EC0-301F-11D3-BF4B-00C04F79EFBC}") = "BFA.Modules.Inventory.Domain", "src\Modules\Inventory\BFA.Modules.Inventory.Domain\BFA.Modules.Inventory.Domain.csproj", "{2681CE31-B0B2-4D9A-90D8-5B34FF2600F2}"
EndProject
Project("{FAE04EC0-301F-11D3-BF4B-00C04F79EFBC}") = "BFA.Modules.Shopping.Domain", "src\Modules\Shopping\BFA.Modules.Shopping.Domain\BFA.Modules.Shopping.Domain.csproj", "{959FBDA4-D85F-4FDD-AFA1-83BF4D070E12}"
EndProject
Project("{2150E333-8FDC-42A3-9474-1A3956D46DE8}") = "Ordering", "Ordering", "{1652FDBE-FD70-10D2-8806-7EAA51A58284}"
EndProject
Project("{FAE04EC0-301F-11D3-BF4B-00C04F79EFBC}") = "BFA.Modules.Ordering.Domain", "src\Modules\Ordering\BFA.Modules.Ordering.Domain\BFA.Modules.Ordering.Domain.csproj", "{33D3894B-FFE6-4F1D-9242-9FDD39072055}"
EndProject
Project("{FAE04EC0-301F-11D3-BF4B-00C04F79EFBC}") = "BFA.Modules.Fulfillment.Domain", "src\Modules\Fulfillment\BFA.Modules.Fulfillment.Domain\BFA.Modules.Fulfillment.Domain.csproj", "{897598F7-1C8A-4422-843A-D2EE7BC0E441}"
EndProject
Project("{2150E333-8FDC-42A3-9474-1A3956D46DE8}") = "Payments", "Payments", "{3482A603-7AEB-377F-9DA5-9757A465DBE8}"
EndProject
Project("{FAE04EC0-301F-11D3-BF4B-00C04F79EFBC}") = "BFA.Modules.Payments.Domain", "src\Modules\Payments\BFA.Modules.Payments.Domain\BFA.Modules.Payments.Domain.csproj", "{60D08F7F-6478-44C8-B306-9E770C0570A1}"
EndProject
Project("{2150E333-8FDC-42A3-9474-1A3956D46DE8}") = "Warehouse", "Warehouse", "{88FE2E2A-C339-66C5-DB04-2270D7CD457E}"
EndProject
Project("{FAE04EC0-301F-11D3-BF4B-00C04F79EFBC}") = "BFA.Modules.Warehouse.Domain", "src\Modules\Warehouse\BFA.Modules.Warehouse.Domain\BFA.Modules.Warehouse.Domain.csproj", "{AF3DF8FF-7598-4254-9DE1-327E5E3FA5E7}"
EndProject
Project("{2150E333-8FDC-42A3-9474-1A3956D46DE8}") = "Shipping", "Shipping", "{5B4949C4-60F7-B0DA-08B2-116E43E6DF0E}"
EndProject
Project("{FAE04EC0-301F-11D3-BF4B-00C04F79EFBC}") = "BFA.Modules.Shipping.Domain", "src\Modules\Shipping\BFA.Modules.Shipping.Domain\BFA.Modules.Shipping.Domain.csproj", "{1A515E2B-1FAB-4524-9682-08F340768A61}"
EndProject
Project("{2150E333-8FDC-42A3-9474-1A3956D46DE8}") = "Settlements", "Settlements", "{1FFFEC65-266C-4718-7BDD-24DD747B41C3}"
EndProject
Project("{FAE04EC0-301F-11D3-BF4B-00C04F79EFBC}") = "BFA.Modules.Settlements.Domain", "src\Modules\Settlements\BFA.Modules.Settlements.Domain\BFA.Modules.Settlements.Domain.csproj", "{463D60CC-8574-4AA3-B695-82C8B348185E}"
EndProject
Project("{2150E333-8FDC-42A3-9474-1A3956D46DE8}") = "tests", "tests", "{0AB3BF05-4346-4AA6-1389-037BE0695223}"
EndProject
Project("{FAE04EC0-301F-11D3-BF4B-00C04F79EFBC}") = "BFA.IntegrationTests", "tests\BFA.IntegrationTests\BFA.IntegrationTests.csproj", "{3C342649-D6C6-4547-A86A-44EDB332CC53}"
EndProject
Project("{2150E333-8FDC-42A3-9474-1A3956D46DE8}") = "Returns", "Returns", "{452FA94B-A667-8DDE-CC05-97FAB441D32E}"
EndProject
Project("{FAE04EC0-301F-11D3-BF4B-00C04F79EFBC}") = "BFA.Modules.Returns.Domain", "src\Modules\Returns\BFA.Modules.Returns.Domain\BFA.Modules.Returns.Domain.csproj", "{CF28BA38-7C3D-4584-9A8A-81DEECB93CF1}"
EndProject
Project("{2150E333-8FDC-42A3-9474-1A3956D46DE8}") = "Compliance", "Compliance", "{FBD32476-7579-AC40-C2E6-FD993ACBED04}"
EndProject
Project("{FAE04EC0-301F-11D3-BF4B-00C04F79EFBC}") = "BFA.Modules.Compliance.Domain", "src\Modules\Compliance\BFA.Modules.Compliance.Domain\BFA.Modules.Compliance.Domain.csproj", "{9B370B1B-6F71-4C99-9DBC-7493A5F5C2E5}"
EndProject
Global
	GlobalSection(SolutionConfigurationPlatforms) = preSolution
		Debug|Any CPU = Debug|Any CPU
		Debug|x64 = Debug|x64
		Debug|x86 = Debug|x86
		Release|Any CPU = Release|Any CPU
		Release|x64 = Release|x64
		Release|x86 = Release|x86
	EndGlobalSection
	GlobalSection(ProjectConfigurationPlatforms) = postSolution
		{D4FC2335-BAD4-4909-9B34-DF34FDCA3EC7}.Debug|Any CPU.ActiveCfg = Debug|Any CPU
		{D4FC2335-BAD4-4909-9B34-DF34FDCA3EC7}.Debug|Any CPU.Build.0 = Debug|Any CPU
		{D4FC2335-BAD4-4909-9B34-DF34FDCA3EC7}.Debug|x64.ActiveCfg = Debug|Any CPU
		{D4FC2335-BAD4-4909-9B34-DF34FDCA3EC7}.Debug|x64.Build.0 = Debug|Any CPU
		{D4FC2335-BAD4-4909-9B34-DF34FDCA3EC7}.Debug|x86.ActiveCfg = Debug|Any CPU
		{D4FC2335-BAD4-4909-9B34-DF34FDCA3EC7}.Debug|x86.Build.0 = Debug|Any CPU
		{D4FC2335-BAD4-4909-9B34-DF34FDCA3EC7}.Release|Any CPU.ActiveCfg = Release|Any CPU
		{D4FC2335-BAD4-4909-9B34-DF34FDCA3EC7}.Release|Any CPU.Build.0 = Release|Any CPU
		{D4FC2335-BAD4-4909-9B34-DF34FDCA3EC7}.Release|x64.ActiveCfg = Release|Any CPU
		{D4FC2335-BAD4-4909-9B34-DF34FDCA3EC7}.Release|x64.Build.0 = Release|Any CPU
		{D4FC2335-BAD4-4909-9B34-DF34FDCA3EC7}.Release|x86.ActiveCfg = Release|Any CPU
		{D4FC2335-BAD4-4909-9B34-DF34FDCA3EC7}.Release|x86.Build.0 = Release|Any CPU
		{DE29A6F0-D19D-438B-A385-AA0EBCA33BB5}.Debug|Any CPU.ActiveCfg = Debug|Any CPU
		{DE29A6F0-D19D-438B-A385-AA0EBCA33BB5}.Debug|Any CPU.Build.0 = Debug|Any CPU
		{DE29A6F0-D19D-438B-A385-AA0EBCA33BB5}.Debug|x64.ActiveCfg = Debug|Any CPU
		{DE29A6F0-D19D-438B-A385-AA0EBCA33BB5}.Debug|x64.Build.0 = Debug|Any CPU
		{DE29A6F0-D19D-438B-A385-AA0EBCA33BB5}.Debug|x86.ActiveCfg = Debug|Any CPU
		{DE29A6F0-D19D-438B-A385-AA0EBCA33BB5}.Debug|x86.Build.0 = Debug|Any CPU
		{DE29A6F0-D19D-438B-A385-AA0EBCA33BB5}.Release|Any CPU.ActiveCfg = Release|Any CPU
		{DE29A6F0-D19D-438B-A385-AA0EBCA33BB5}.Release|Any CPU.Build.0 = Release|Any CPU
		{DE29A6F0-D19D-438B-A385-AA0EBCA33BB5}.Release|x64.ActiveCfg = Release|Any CPU
		{DE29A6F0-D19D-438B-A385-AA0EBCA33BB5}.Release|x64.Build.0 = Release|Any CPU
		{DE29A6F0-D19D-438B-A385-AA0EBCA33BB5}.Release|x86.ActiveCfg = Release|Any CPU
		{DE29A6F0-D19D-438B-A385-AA0EBCA33BB5}.Release|x86.Build.0 = Release|Any CPU
		{C14529FC-6602-4D1B-A729-D8F2A6F1EE26}.Debug|Any CPU.ActiveCfg = Debug|Any CPU
		{C14529FC-6602-4D1B-A729-D8F2A6F1EE26}.Debug|Any CPU.Build.0 = Debug|Any CPU
		{C14529FC-6602-4D1B-A729-D8F2A6F1EE26}.Debug|x64.ActiveCfg = Debug|Any CPU
		{C14529FC-6602-4D1B-A729-D8F2A6F1EE26}.Debug|x64.Build.0 = Debug|Any CPU
		{C14529FC-6602-4D1B-A729-D8F2A6F1EE26}.Debug|x86.ActiveCfg = Debug|Any CPU
		{C14529FC-6602-4D1B-A729-D8F2A6F1EE26}.Debug|x86.Build.0 = Debug|Any CPU
		{C14529FC-6602-4D1B-A729-D8F2A6F1EE26}.Release|Any CPU.ActiveCfg = Release|Any CPU
		{C14529FC-6602-4D1B-A729-D8F2A6F1EE26}.Release|Any CPU.Build.0 = Release|Any CPU
		{C14529FC-6602-4D1B-A729-D8F2A6F1EE26}.Release|x64.ActiveCfg = Release|Any CPU
		{C14529FC-6602-4D1B-A729-D8F2A6F1EE26}.Release|x64.Build.0 = Release|Any CPU
		{C14529FC-6602-4D1B-A729-D8F2A6F1EE26}.Release|x86.ActiveCfg = Release|Any CPU
		{C14529FC-6602-4D1B-A729-D8F2A6F1EE26}.Release|x86.Build.0 = Release|Any CPU
		{8FFA539B-1BCD-4CAE-813A-FF4B08FB1EC6}.Debug|Any CPU.ActiveCfg = Debug|Any CPU
		{8FFA539B-1BCD-4CAE-813A-FF4B08FB1EC6}.Debug|Any CPU.Build.0 = Debug|Any CPU
		{8FFA539B-1BCD-4CAE-813A-FF4B08FB1EC6}.Debug|x64.ActiveCfg = Debug|Any CPU
		{8FFA539B-1BCD-4CAE-813A-FF4B08FB1EC6}.Debug|x64.Build.0 = Debug|Any CPU
		{8FFA539B-1BCD-4CAE-813A-FF4B08FB1EC6}.Debug|x86.ActiveCfg = Debug|Any CPU
		{8FFA539B-1BCD-4CAE-813A-FF4B08FB1EC6}.Debug|x86.Build.0 = Debug|Any CPU
		{8FFA539B-1BCD-4CAE-813A-FF4B08FB1EC6}.Release|Any CPU.ActiveCfg = Release|Any CPU
		{8FFA539B-1BCD-4CAE-813A-FF4B08FB1EC6}.Release|Any CPU.Build.0 = Release|Any CPU
		{8FFA539B-1BCD-4CAE-813A-FF4B08FB1EC6}.Release|x64.ActiveCfg = Release|Any CPU
		{8FFA539B-1BCD-4CAE-813A-FF4B08FB1EC6}.Release|x64.Build.0 = Release|Any CPU
		{8FFA539B-1BCD-4CAE-813A-FF4B08FB1EC6}.Release|x86.ActiveCfg = Release|Any CPU
		{8FFA539B-1BCD-4CAE-813A-FF4B08FB1EC6}.Release|x86.Build.0 = Release|Any CPU
		{8EB2B908-C115-4ECB-95A7-9BA866D52EFB}.Debug|Any CPU.ActiveCfg = Debug|Any CPU
		{8EB2B908-C115-4ECB-95A7-9BA866D52EFB}.Debug|Any CPU.Build.0 = Debug|Any CPU
		{8EB2B908-C115-4ECB-95A7-9BA866D52EFB}.Debug|x64.ActiveCfg = Debug|Any CPU
		{8EB2B908-C115-4ECB-95A7-9BA866D52EFB}.Debug|x64.Build.0 = Debug|Any CPU
		{8EB2B908-C115-4ECB-95A7-9BA866D52EFB}.Debug|x86.ActiveCfg = Debug|Any CPU
		{8EB2B908-C115-4ECB-95A7-9BA866D52EFB}.Debug|x86.Build.0 = Debug|Any CPU
		{8EB2B908-C115-4ECB-95A7-9BA866D52EFB}.Release|Any CPU.ActiveCfg = Release|Any CPU
		{8EB2B908-C115-4ECB-95A7-9BA866D52EFB}.Release|Any CPU.Build.0 = Release|Any CPU
		{8EB2B908-C115-4ECB-95A7-9BA866D52EFB}.Release|x64.ActiveCfg = Release|Any CPU
		{8EB2B908-C115-4ECB-95A7-9BA866D52EFB}.Release|x64.Build.0 = Release|Any CPU
		{8EB2B908-C115-4ECB-95A7-9BA866D52EFB}.Release|x86.ActiveCfg = Release|Any CPU
		{8EB2B908-C115-4ECB-95A7-9BA866D52EFB}.Release|x86.Build.0 = Release|Any CPU
		{6BA02F16-8A9D-4816-AD93-7C5CC69820D0}.Debug|Any CPU.ActiveCfg = Debug|Any CPU
		{6BA02F16-8A9D-4816-AD93-7C5CC69820D0}.Debug|Any CPU.Build.0 = Debug|Any CPU
		{6BA02F16-8A9D-4816-AD93-7C5CC69820D0}.Debug|x64.ActiveCfg = Debug|Any CPU
		{6BA02F16-8A9D-4816-AD93-7C5CC69820D0}.Debug|x64.Build.0 = Debug|Any CPU
		{6BA02F16-8A9D-4816-AD93-7C5CC69820D0}.Debug|x86.ActiveCfg = Debug|Any CPU
		{6BA02F16-8A9D-4816-AD93-7C5CC69820D0}.Debug|x86.Build.0 = Debug|Any CPU
		{6BA02F16-8A9D-4816-AD93-7C5CC69820D0}.Release|Any CPU.ActiveCfg = Release|Any CPU
		{6BA02F16-8A9D-4816-AD93-7C5CC69820D0}.Release|Any CPU.Build.0 = Release|Any CPU
		{6BA02F16-8A9D-4816-AD93-7C5CC69820D0}.Release|x64.ActiveCfg = Release|Any CPU
		{6BA02F16-8A9D-4816-AD93-7C5CC69820D0}.Release|x64.Build.0 = Release|Any CPU
		{6BA02F16-8A9D-4816-AD93-7C5CC69820D0}.Release|x86.ActiveCfg = Release|Any CPU
		{6BA02F16-8A9D-4816-AD93-7C5CC69820D0}.Release|x86.Build.0 = Release|Any CPU
		{38BE627C-9CB5-44C7-916E-114E7D25887F}.Debug|Any CPU.ActiveCfg = Debug|Any CPU
		{38BE627C-9CB5-44C7-916E-114E7D25887F}.Debug|Any CPU.Build.0 = Debug|Any CPU
		{38BE627C-9CB5-44C7-916E-114E7D25887F}.Debug|x64.ActiveCfg = Debug|Any CPU
		{38BE627C-9CB5-44C7-916E-114E7D25887F}.Debug|x64.Build.0 = Debug|Any CPU
		{38BE627C-9CB5-44C7-916E-114E7D25887F}.Debug|x86.ActiveCfg = Debug|Any CPU
		{38BE627C-9CB5-44C7-916E-114E7D25887F}.Debug|x86.Build.0 = Debug|Any CPU
		{38BE627C-9CB5-44C7-916E-114E7D25887F}.Release|Any CPU.ActiveCfg = Release|Any CPU
		{38BE627C-9CB5-44C7-916E-114E7D25887F}.Release|Any CPU.Build.0 = Release|Any CPU
		{38BE627C-9CB5-44C7-916E-114E7D25887F}.Release|x64.ActiveCfg = Release|Any CPU
		{38BE627C-9CB5-44C7-916E-114E7D25887F}.Release|x64.Build.0 = Release|Any CPU
		{38BE627C-9CB5-44C7-916E-114E7D25887F}.Release|x86.ActiveCfg = Release|Any CPU
		{38BE627C-9CB5-44C7-916E-114E7D25887F}.Release|x86.Build.0 = Release|Any CPU
		{2806FBBD-6266-486E-8DAE-896C7C17185C}.Debug|Any CPU.ActiveCfg = Debug|Any CPU
		{2806FBBD-6266-486E-8DAE-896C7C17185C}.Debug|Any CPU.Build.0 = Debug|Any CPU
		{2806FBBD-6266-486E-8DAE-896C7C17185C}.Debug|x64.ActiveCfg = Debug|Any CPU
		{2806FBBD-6266-486E-8DAE-896C7C17185C}.Debug|x64.Build.0 = Debug|Any CPU
		{2806FBBD-6266-486E-8DAE-896C7C17185C}.Debug|x86.ActiveCfg = Debug|Any CPU
		{2806FBBD-6266-486E-8DAE-896C7C17185C}.Debug|x86.Build.0 = Debug|Any CPU
		{2806FBBD-6266-486E-8DAE-896C7C17185C}.Release|Any CPU.ActiveCfg = Release|Any CPU
		{2806FBBD-6266-486E-8DAE-896C7C17185C}.Release|Any CPU.Build.0 = Release|Any CPU
		{2806FBBD-6266-486E-8DAE-896C7C17185C}.Release|x64.ActiveCfg = Release|Any CPU
		{2806FBBD-6266-486E-8DAE-896C7C17185C}.Release|x64.Build.0 = Release|Any CPU
		{2806FBBD-6266-486E-8DAE-896C7C17185C}.Release|x86.ActiveCfg = Release|Any CPU
		{2806FBBD-6266-486E-8DAE-896C7C17185C}.Release|x86.Build.0 = Release|Any CPU
		{4201135F-0075-4583-8806-D8C05EB06724}.Debug|Any CPU.ActiveCfg = Debug|Any CPU
		{4201135F-0075-4583-8806-D8C05EB06724}.Debug|Any CPU.Build.0 = Debug|Any CPU
		{4201135F-0075-4583-8806-D8C05EB06724}.Debug|x64.ActiveCfg = Debug|Any CPU
		{4201135F-0075-4583-8806-D8C05EB06724}.Debug|x64.Build.0 = Debug|Any CPU
		{4201135F-0075-4583-8806-D8C05EB06724}.Debug|x86.ActiveCfg = Debug|Any CPU
		{4201135F-0075-4583-8806-D8C05EB06724}.Debug|x86.Build.0 = Debug|Any CPU
		{4201135F-0075-4583-8806-D8C05EB06724}.Release|Any CPU.ActiveCfg = Release|Any CPU
		{4201135F-0075-4583-8806-D8C05EB06724}.Release|Any CPU.Build.0 = Release|Any CPU
		{4201135F-0075-4583-8806-D8C05EB06724}.Release|x64.ActiveCfg = Release|Any CPU
		{4201135F-0075-4583-8806-D8C05EB06724}.Release|x64.Build.0 = Release|Any CPU
		{4201135F-0075-4583-8806-D8C05EB06724}.Release|x86.ActiveCfg = Release|Any CPU
		{4201135F-0075-4583-8806-D8C05EB06724}.Release|x86.Build.0 = Release|Any CPU
		{8609CE29-F99A-43F6-AC2E-43F961699712}.Debug|Any CPU.ActiveCfg = Debug|Any CPU
		{8609CE29-F99A-43F6-AC2E-43F961699712}.Debug|Any CPU.Build.0 = Debug|Any CPU
		{8609CE29-F99A-43F6-AC2E-43F961699712}.Debug|x64.ActiveCfg = Debug|Any CPU
		{8609CE29-F99A-43F6-AC2E-43F961699712}.Debug|x64.Build.0 = Debug|Any CPU
		{8609CE29-F99A-43F6-AC2E-43F961699712}.Debug|x86.ActiveCfg = Debug|Any CPU
		{8609CE29-F99A-43F6-AC2E-43F961699712}.Debug|x86.Build.0 = Debug|Any CPU
		{8609CE29-F99A-43F6-AC2E-43F961699712}.Release|Any CPU.ActiveCfg = Release|Any CPU
		{8609CE29-F99A-43F6-AC2E-43F961699712}.Release|Any CPU.Build.0 = Release|Any CPU
		{8609CE29-F99A-43F6-AC2E-43F961699712}.Release|x64.ActiveCfg = Release|Any CPU
		{8609CE29-F99A-43F6-AC2E-43F961699712}.Release|x64.Build.0 = Release|Any CPU
		{8609CE29-F99A-43F6-AC2E-43F961699712}.Release|x86.ActiveCfg = Release|Any CPU
		{8609CE29-F99A-43F6-AC2E-43F961699712}.Release|x86.Build.0 = Release|Any CPU
		{5C6F6D35-BC1B-4372-B623-2B071B25419C}.Debug|Any CPU.ActiveCfg = Debug|Any CPU
		{5C6F6D35-BC1B-4372-B623-2B071B25419C}.Debug|Any CPU.Build.0 = Debug|Any CPU
		{5C6F6D35-BC1B-4372-B623-2B071B25419C}.Debug|x64.ActiveCfg = Debug|Any CPU
		{5C6F6D35-BC1B-4372-B623-2B071B25419C}.Debug|x64.Build.0 = Debug|Any CPU
		{5C6F6D35-BC1B-4372-B623-2B071B25419C}.Debug|x86.ActiveCfg = Debug|Any CPU
		{5C6F6D35-BC1B-4372-B623-2B071B25419C}.Debug|x86.Build.0 = Debug|Any CPU
		{5C6F6D35-BC1B-4372-B623-2B071B25419C}.Release|Any CPU.ActiveCfg = Release|Any CPU
		{5C6F6D35-BC1B-4372-B623-2B071B25419C}.Release|Any CPU.Build.0 = Release|Any CPU
		{5C6F6D35-BC1B-4372-B623-2B071B25419C}.Release|x64.ActiveCfg = Release|Any CPU
		{5C6F6D35-BC1B-4372-B623-2B071B25419C}.Release|x64.Build.0 = Release|Any CPU
		{5C6F6D35-BC1B-4372-B623-2B071B25419C}.Release|x86.ActiveCfg = Release|Any CPU
		{5C6F6D35-BC1B-4372-B623-2B071B25419C}.Release|x86.Build.0 = Release|Any CPU
		{26C611A2-18A5-42BB-9098-AFFB79155E1B}.Debug|Any CPU.ActiveCfg = Debug|Any CPU
		{26C611A2-18A5-42BB-9098-AFFB79155E1B}.Debug|Any CPU.Build.0 = Debug|Any CPU
		{26C611A2-18A5-42BB-9098-AFFB79155E1B}.Debug|x64.ActiveCfg = Debug|Any CPU
		{26C611A2-18A5-42BB-9098-AFFB79155E1B}.Debug|x64.Build.0 = Debug|Any CPU
		{26C611A2-18A5-42BB-9098-AFFB79155E1B}.Debug|x86.ActiveCfg = Debug|Any CPU
		{26C611A2-18A5-42BB-9098-AFFB79155E1B}.Debug|x86.Build.0 = Debug|Any CPU
		{26C611A2-18A5-42BB-9098-AFFB79155E1B}.Release|Any CPU.ActiveCfg = Release|Any CPU
		{26C611A2-18A5-42BB-9098-AFFB79155E1B}.Release|Any CPU.Build.0 = Release|Any CPU
		{26C611A2-18A5-42BB-9098-AFFB79155E1B}.Release|x64.ActiveCfg = Release|Any CPU
		{26C611A2-18A5-42BB-9098-AFFB79155E1B}.Release|x64.Build.0 = Release|Any CPU
		{26C611A2-18A5-42BB-9098-AFFB79155E1B}.Release|x86.ActiveCfg = Release|Any CPU
		{26C611A2-18A5-42BB-9098-AFFB79155E1B}.Release|x86.Build.0 = Release|Any CPU
		{2102D98B-ACBF-4DF7-8B38-4A501C6BF50D}.Debug|Any CPU.ActiveCfg = Debug|Any CPU
		{2102D98B-ACBF-4DF7-8B38-4A501C6BF50D}.Debug|Any CPU.Build.0 = Debug|Any CPU
		{2102D98B-ACBF-4DF7-8B38-4A501C6BF50D}.Debug|x64.ActiveCfg = Debug|Any CPU
		{2102D98B-ACBF-4DF7-8B38-4A501C6BF50D}.Debug|x64.Build.0 = Debug|Any CPU
		{2102D98B-ACBF-4DF7-8B38-4A501C6BF50D}.Debug|x86.ActiveCfg = Debug|Any CPU
		{2102D98B-ACBF-4DF7-8B38-4A501C6BF50D}.Debug|x86.Build.0 = Debug|Any CPU
		{2102D98B-ACBF-4DF7-8B38-4A501C6BF50D}.Release|Any CPU.ActiveCfg = Release|Any CPU
		{2102D98B-ACBF-4DF7-8B38-4A501C6BF50D}.Release|Any CPU.Build.0 = Release|Any CPU
		{2102D98B-ACBF-4DF7-8B38-4A501C6BF50D}.Release|x64.ActiveCfg = Release|Any CPU
		{2102D98B-ACBF-4DF7-8B38-4A501C6BF50D}.Release|x64.Build.0 = Release|Any CPU
		{2102D98B-ACBF-4DF7-8B38-4A501C6BF50D}.Release|x86.ActiveCfg = Release|Any CPU
		{2102D98B-ACBF-4DF7-8B38-4A501C6BF50D}.Release|x86.Build.0 = Release|Any CPU
		{A47450ED-B7A8-4B32-9959-4474F523DF18}.Debug|Any CPU.ActiveCfg = Debug|Any CPU
		{A47450ED-B7A8-4B32-9959-4474F523DF18}.Debug|Any CPU.Build.0 = Debug|Any CPU
		{A47450ED-B7A8-4B32-9959-4474F523DF18}.Debug|x64.ActiveCfg = Debug|Any CPU
		{A47450ED-B7A8-4B32-9959-4474F523DF18}.Debug|x64.Build.0 = Debug|Any CPU
		{A47450ED-B7A8-4B32-9959-4474F523DF18}.Debug|x86.ActiveCfg = Debug|Any CPU
		{A47450ED-B7A8-4B32-9959-4474F523DF18}.Debug|x86.Build.0 = Debug|Any CPU
		{A47450ED-B7A8-4B32-9959-4474F523DF18}.Release|Any CPU.ActiveCfg = Release|Any CPU
		{A47450ED-B7A8-4B32-9959-4474F523DF18}.Release|Any CPU.Build.0 = Release|Any CPU
		{A47450ED-B7A8-4B32-9959-4474F523DF18}.Release|x64.ActiveCfg = Release|Any CPU
		{A47450ED-B7A8-4B32-9959-4474F523DF18}.Release|x64.Build.0 = Release|Any CPU
		{A47450ED-B7A8-4B32-9959-4474F523DF18}.Release|x86.ActiveCfg = Release|Any CPU
		{A47450ED-B7A8-4B32-9959-4474F523DF18}.Release|x86.Build.0 = Release|Any CPU
		{294F67E5-B826-42B8-B720-D7904468AA07}.Debug|Any CPU.ActiveCfg = Debug|Any CPU
		{294F67E5-B826-42B8-B720-D7904468AA07}.Debug|Any CPU.Build.0 = Debug|Any CPU
		{294F67E5-B826-42B8-B720-D7904468AA07}.Debug|x64.ActiveCfg = Debug|Any CPU
		{294F67E5-B826-42B8-B720-D7904468AA07}.Debug|x64.Build.0 = Debug|Any CPU
		{294F67E5-B826-42B8-B720-D7904468AA07}.Debug|x86.ActiveCfg = Debug|Any CPU
		{294F67E5-B826-42B8-B720-D7904468AA07}.Debug|x86.Build.0 = Debug|Any CPU
		{294F67E5-B826-42B8-B720-D7904468AA07}.Release|Any CPU.ActiveCfg = Release|Any CPU
		{294F67E5-B826-42B8-B720-D7904468AA07}.Release|Any CPU.Build.0 = Release|Any CPU
		{294F67E5-B826-42B8-B720-D7904468AA07}.Release|x64.ActiveCfg = Release|Any CPU
		{294F67E5-B826-42B8-B720-D7904468AA07}.Release|x64.Build.0 = Release|Any CPU
		{294F67E5-B826-42B8-B720-D7904468AA07}.Release|x86.ActiveCfg = Release|Any CPU
		{294F67E5-B826-42B8-B720-D7904468AA07}.Release|x86.Build.0 = Release|Any CPU
		{2681CE31-B0B2-4D9A-90D8-5B34FF2600F2}.Debug|Any CPU.ActiveCfg = Debug|Any CPU
		{2681CE31-B0B2-4D9A-90D8-5B34FF2600F2}.Debug|Any CPU.Build.0 = Debug|Any CPU
		{2681CE31-B0B2-4D9A-90D8-5B34FF2600F2}.Debug|x64.ActiveCfg = Debug|Any CPU
		{2681CE31-B0B2-4D9A-90D8-5B34FF2600F2}.Debug|x64.Build.0 = Debug|Any CPU
		{2681CE31-B0B2-4D9A-90D8-5B34FF2600F2}.Debug|x86.ActiveCfg = Debug|Any CPU
		{2681CE31-B0B2-4D9A-90D8-5B34FF2600F2}.Debug|x86.Build.0 = Debug|Any CPU
		{2681CE31-B0B2-4D9A-90D8-5B34FF2600F2}.Release|Any CPU.ActiveCfg = Release|Any CPU
		{2681CE31-B0B2-4D9A-90D8-5B34FF2600F2}.Release|Any CPU.Build.0 = Release|Any CPU
		{2681CE31-B0B2-4D9A-90D8-5B34FF2600F2}.Release|x64.ActiveCfg = Release|Any CPU
		{2681CE31-B0B2-4D9A-90D8-5B34FF2600F2}.Release|x64.Build.0 = Release|Any CPU
		{2681CE31-B0B2-4D9A-90D8-5B34FF2600F2}.Release|x86.ActiveCfg = Release|Any CPU
		{2681CE31-B0B2-4D9A-90D8-5B34FF2600F2}.Release|x86.Build.0 = Release|Any CPU
		{959FBDA4-D85F-4FDD-AFA1-83BF4D070E12}.Debug|Any CPU.ActiveCfg = Debug|Any CPU
		{959FBDA4-D85F-4FDD-AFA1-83BF4D070E12}.Debug|Any CPU.Build.0 = Debug|Any CPU
		{959FBDA4-D85F-4FDD-AFA1-83BF4D070E12}.Debug|x64.ActiveCfg = Debug|Any CPU
		{959FBDA4-D85F-4FDD-AFA1-83BF4D070E12}.Debug|x64.Build.0 = Debug|Any CPU
		{959FBDA4-D85F-4FDD-AFA1-83BF4D070E12}.Debug|x86.ActiveCfg = Debug|Any CPU
		{959FBDA4-D85F-4FDD-AFA1-83BF4D070E12}.Debug|x86.Build.0 = Debug|Any CPU
		{959FBDA4-D85F-4FDD-AFA1-83BF4D070E12}.Release|Any CPU.ActiveCfg = Release|Any CPU
		{959FBDA4-D85F-4FDD-AFA1-83BF4D070E12}.Release|Any CPU.Build.0 = Release|Any CPU
		{959FBDA4-D85F-4FDD-AFA1-83BF4D070E12}.Release|x64.ActiveCfg = Release|Any CPU
		{959FBDA4-D85F-4FDD-AFA1-83BF4D070E12}.Release|x64.Build.0 = Release|Any CPU
		{959FBDA4-D85F-4FDD-AFA1-83BF4D070E12}.Release|x86.ActiveCfg = Release|Any CPU
		{959FBDA4-D85F-4FDD-AFA1-83BF4D070E12}.Release|x86.Build.0 = Release|Any CPU
		{33D3894B-FFE6-4F1D-9242-9FDD39072055}.Debug|Any CPU.ActiveCfg = Debug|Any CPU
		{33D3894B-FFE6-4F1D-9242-9FDD39072055}.Debug|Any CPU.Build.0 = Debug|Any CPU
		{33D3894B-FFE6-4F1D-9242-9FDD39072055}.Debug|x64.ActiveCfg = Debug|Any CPU
		{33D3894B-FFE6-4F1D-9242-9FDD39072055}.Debug|x64.Build.0 = Debug|Any CPU
		{33D3894B-FFE6-4F1D-9242-9FDD39072055}.Debug|x86.ActiveCfg = Debug|Any CPU
		{33D3894B-FFE6-4F1D-9242-9FDD39072055}.Debug|x86.Build.0 = Debug|Any CPU
		{33D3894B-FFE6-4F1D-9242-9FDD39072055}.Release|Any CPU.ActiveCfg = Release|Any CPU
		{33D3894B-FFE6-4F1D-9242-9FDD39072055}.Release|Any CPU.Build.0 = Release|Any CPU
		{33D3894B-FFE6-4F1D-9242-9FDD39072055}.Release|x64.ActiveCfg = Release|Any CPU
		{33D3894B-FFE6-4F1D-9242-9FDD39072055}.Release|x64.Build.0 = Release|Any CPU
		{33D3894B-FFE6-4F1D-9242-9FDD39072055}.Release|x86.ActiveCfg = Release|Any CPU
		{33D3894B-FFE6-4F1D-9242-9FDD39072055}.Release|x86.Build.0 = Release|Any CPU
		{897598F7-1C8A-4422-843A-D2EE7BC0E441}.Debug|Any CPU.ActiveCfg = Debug|Any CPU
		{897598F7-1C8A-4422-843A-D2EE7BC0E441}.Debug|Any CPU.Build.0 = Debug|Any CPU
		{897598F7-1C8A-4422-843A-D2EE7BC0E441}.Debug|x64.ActiveCfg = Debug|Any CPU
		{897598F7-1C8A-4422-843A-D2EE7BC0E441}.Debug|x64.Build.0 = Debug|Any CPU
		{897598F7-1C8A-4422-843A-D2EE7BC0E441}.Debug|x86.ActiveCfg = Debug|Any CPU
		{897598F7-1C8A-4422-843A-D2EE7BC0E441}.Debug|x86.Build.0 = Debug|Any CPU
		{897598F7-1C8A-4422-843A-D2EE7BC0E441}.Release|Any CPU.ActiveCfg = Release|Any CPU
		{897598F7-1C8A-4422-843A-D2EE7BC0E441}.Release|Any CPU.Build.0 = Release|Any CPU
		{897598F7-1C8A-4422-843A-D2EE7BC0E441}.Release|x64.ActiveCfg = Release|Any CPU
		{897598F7-1C8A-4422-843A-D2EE7BC0E441}.Release|x64.Build.0 = Release|Any CPU
		{897598F7-1C8A-4422-843A-D2EE7BC0E441}.Release|x86.ActiveCfg = Release|Any CPU
		{897598F7-1C8A-4422-843A-D2EE7BC0E441}.Release|x86.Build.0 = Release|Any CPU
		{60D08F7F-6478-44C8-B306-9E770C0570A1}.Debug|Any CPU.ActiveCfg = Debug|Any CPU
		{60D08F7F-6478-44C8-B306-9E770C0570A1}.Debug|Any CPU.Build.0 = Debug|Any CPU
		{60D08F7F-6478-44C8-B306-9E770C0570A1}.Debug|x64.ActiveCfg = Debug|Any CPU
		{60D08F7F-6478-44C8-B306-9E770C0570A1}.Debug|x64.Build.0 = Debug|Any CPU
		{60D08F7F-6478-44C8-B306-9E770C0570A1}.Debug|x86.ActiveCfg = Debug|Any CPU
		{60D08F7F-6478-44C8-B306-9E770C0570A1}.Debug|x86.Build.0 = Debug|Any CPU
		{60D08F7F-6478-44C8-B306-9E770C0570A1}.Release|Any CPU.ActiveCfg = Release|Any CPU
		{60D08F7F-6478-44C8-B306-9E770C0570A1}.Release|Any CPU.Build.0 = Release|Any CPU
		{60D08F7F-6478-44C8-B306-9E770C0570A1}.Release|x64.ActiveCfg = Release|Any CPU
		{60D08F7F-6478-44C8-B306-9E770C0570A1}.Release|x64.Build.0 = Release|Any CPU
		{60D08F7F-6478-44C8-B306-9E770C0570A1}.Release|x86.ActiveCfg = Release|Any CPU
		{60D08F7F-6478-44C8-B306-9E770C0570A1}.Release|x86.Build.0 = Release|Any CPU
		{AF3DF8FF-7598-4254-9DE1-327E5E3FA5E7}.Debug|Any CPU.ActiveCfg = Debug|Any CPU
		{AF3DF8FF-7598-4254-9DE1-327E5E3FA5E7}.Debug|Any CPU.Build.0 = Debug|Any CPU
		{AF3DF8FF-7598-4254-9DE1-327E5E3FA5E7}.Debug|x64.ActiveCfg = Debug|Any CPU
		{AF3DF8FF-7598-4254-9DE1-327E5E3FA5E7}.Debug|x64.Build.0 = Debug|Any CPU
		{AF3DF8FF-7598-4254-9DE1-327E5E3FA5E7}.Debug|x86.ActiveCfg = Debug|Any CPU
		{AF3DF8FF-7598-4254-9DE1-327E5E3FA5E7}.Debug|x86.Build.0 = Debug|Any CPU
		{AF3DF8FF-7598-4254-9DE1-327E5E3FA5E7}.Release|Any CPU.ActiveCfg = Release|Any CPU
		{AF3DF8FF-7598-4254-9DE1-327E5E3FA5E7}.Release|Any CPU.Build.0 = Release|Any CPU
		{AF3DF8FF-7598-4254-9DE1-327E5E3FA5E7}.Release|x64.ActiveCfg = Release|Any CPU
		{AF3DF8FF-7598-4254-9DE1-327E5E3FA5E7}.Release|x64.Build.0 = Release|Any CPU
		{AF3DF8FF-7598-4254-9DE1-327E5E3FA5E7}.Release|x86.ActiveCfg = Release|Any CPU
		{AF3DF8FF-7598-4254-9DE1-327E5E3FA5E7}.Release|x86.Build.0 = Release|Any CPU
		{1A515E2B-1FAB-4524-9682-08F340768A61}.Debug|Any CPU.ActiveCfg = Debug|Any CPU
		{1A515E2B-1FAB-4524-9682-08F340768A61}.Debug|Any CPU.Build.0 = Debug|Any CPU
		{1A515E2B-1FAB-4524-9682-08F340768A61}.Debug|x64.ActiveCfg = Debug|Any CPU
		{1A515E2B-1FAB-4524-9682-08F340768A61}.Debug|x64.Build.0 = Debug|Any CPU
		{1A515E2B-1FAB-4524-9682-08F340768A61}.Debug|x86.ActiveCfg = Debug|Any CPU
		{1A515E2B-1FAB-4524-9682-08F340768A61}.Debug|x86.Build.0 = Debug|Any CPU
		{1A515E2B-1FAB-4524-9682-08F340768A61}.Release|Any CPU.ActiveCfg = Release|Any CPU
		{1A515E2B-1FAB-4524-9682-08F340768A61}.Release|Any CPU.Build.0 = Release|Any CPU
		{1A515E2B-1FAB-4524-9682-08F340768A61}.Release|x64.ActiveCfg = Release|Any CPU
		{1A515E2B-1FAB-4524-9682-08F340768A61}.Release|x64.Build.0 = Release|Any CPU
		{1A515E2B-1FAB-4524-9682-08F340768A61}.Release|x86.ActiveCfg = Release|Any CPU
		{1A515E2B-1FAB-4524-9682-08F340768A61}.Release|x86.Build.0 = Release|Any CPU
		{463D60CC-8574-4AA3-B695-82C8B348185E}.Debug|Any CPU.ActiveCfg = Debug|Any CPU
		{463D60CC-8574-4AA3-B695-82C8B348185E}.Debug|Any CPU.Build.0 = Debug|Any CPU
		{463D60CC-8574-4AA3-B695-82C8B348185E}.Debug|x64.ActiveCfg = Debug|Any CPU
		{463D60CC-8574-4AA3-B695-82C8B348185E}.Debug|x64.Build.0 = Debug|Any CPU
		{463D60CC-8574-4AA3-B695-82C8B348185E}.Debug|x86.ActiveCfg = Debug|Any CPU
		{463D60CC-8574-4AA3-B695-82C8B348185E}.Debug|x86.Build.0 = Debug|Any CPU
		{463D60CC-8574-4AA3-B695-82C8B348185E}.Release|Any CPU.ActiveCfg = Release|Any CPU
		{463D60CC-8574-4AA3-B695-82C8B348185E}.Release|Any CPU.Build.0 = Release|Any CPU
		{463D60CC-8574-4AA3-B695-82C8B348185E}.Release|x64.ActiveCfg = Release|Any CPU
		{463D60CC-8574-4AA3-B695-82C8B348185E}.Release|x64.Build.0 = Release|Any CPU
		{463D60CC-8574-4AA3-B695-82C8B348185E}.Release|x86.ActiveCfg = Release|Any CPU
		{463D60CC-8574-4AA3-B695-82C8B348185E}.Release|x86.Build.0 = Release|Any CPU
		{3C342649-D6C6-4547-A86A-44EDB332CC53}.Debug|Any CPU.ActiveCfg = Debug|Any CPU
		{3C342649-D6C6-4547-A86A-44EDB332CC53}.Debug|Any CPU.Build.0 = Debug|Any CPU
		{3C342649-D6C6-4547-A86A-44EDB332CC53}.Debug|x64.ActiveCfg = Debug|Any CPU
		{3C342649-D6C6-4547-A86A-44EDB332CC53}.Debug|x64.Build.0 = Debug|Any CPU
		{3C342649-D6C6-4547-A86A-44EDB332CC53}.Debug|x86.ActiveCfg = Debug|Any CPU
		{3C342649-D6C6-4547-A86A-44EDB332CC53}.Debug|x86.Build.0 = Debug|Any CPU
		{3C342649-D6C6-4547-A86A-44EDB332CC53}.Release|Any CPU.ActiveCfg = Release|Any CPU
		{3C342649-D6C6-4547-A86A-44EDB332CC53}.Release|Any CPU.Build.0 = Release|Any CPU
		{3C342649-D6C6-4547-A86A-44EDB332CC53}.Release|x64.ActiveCfg = Release|Any CPU
		{3C342649-D6C6-4547-A86A-44EDB332CC53}.Release|x64.Build.0 = Release|Any CPU
		{3C342649-D6C6-4547-A86A-44EDB332CC53}.Release|x86.ActiveCfg = Release|Any CPU
		{3C342649-D6C6-4547-A86A-44EDB332CC53}.Release|x86.Build.0 = Release|Any CPU
		{CF28BA38-7C3D-4584-9A8A-81DEECB93CF1}.Debug|Any CPU.ActiveCfg = Debug|Any CPU
		{CF28BA38-7C3D-4584-9A8A-81DEECB93CF1}.Debug|Any CPU.Build.0 = Debug|Any CPU
		{CF28BA38-7C3D-4584-9A8A-81DEECB93CF1}.Debug|x64.ActiveCfg = Debug|Any CPU
		{CF28BA38-7C3D-4584-9A8A-81DEECB93CF1}.Debug|x64.Build.0 = Debug|Any CPU
		{CF28BA38-7C3D-4584-9A8A-81DEECB93CF1}.Debug|x86.ActiveCfg = Debug|Any CPU
		{CF28BA38-7C3D-4584-9A8A-81DEECB93CF1}.Debug|x86.Build.0 = Debug|Any CPU
		{CF28BA38-7C3D-4584-9A8A-81DEECB93CF1}.Release|Any CPU.ActiveCfg = Release|Any CPU
		{CF28BA38-7C3D-4584-9A8A-81DEECB93CF1}.Release|Any CPU.Build.0 = Release|Any CPU
		{CF28BA38-7C3D-4584-9A8A-81DEECB93CF1}.Release|x64.ActiveCfg = Release|Any CPU
		{CF28BA38-7C3D-4584-9A8A-81DEECB93CF1}.Release|x64.Build.0 = Release|Any CPU
		{CF28BA38-7C3D-4584-9A8A-81DEECB93CF1}.Release|x86.ActiveCfg = Release|Any CPU
		{CF28BA38-7C3D-4584-9A8A-81DEECB93CF1}.Release|x86.Build.0 = Release|Any CPU
		{9B370B1B-6F71-4C99-9DBC-7493A5F5C2E5}.Debug|Any CPU.ActiveCfg = Debug|Any CPU
		{9B370B1B-6F71-4C99-9DBC-7493A5F5C2E5}.Debug|Any CPU.Build.0 = Debug|Any CPU
		{9B370B1B-6F71-4C99-9DBC-7493A5F5C2E5}.Debug|x64.ActiveCfg = Debug|Any CPU
		{9B370B1B-6F71-4C99-9DBC-7493A5F5C2E5}.Debug|x64.Build.0 = Debug|Any CPU
		{9B370B1B-6F71-4C99-9DBC-7493A5F5C2E5}.Debug|x86.ActiveCfg = Debug|Any CPU
		{9B370B1B-6F71-4C99-9DBC-7493A5F5C2E5}.Debug|x86.Build.0 = Debug|Any CPU
		{9B370B1B-6F71-4C99-9DBC-7493A5F5C2E5}.Release|Any CPU.ActiveCfg = Release|Any CPU
		{9B370B1B-6F71-4C99-9DBC-7493A5F5C2E5}.Release|Any CPU.Build.0 = Release|Any CPU
		{9B370B1B-6F71-4C99-9DBC-7493A5F5C2E5}.Release|x64.ActiveCfg = Release|Any CPU
		{9B370B1B-6F71-4C99-9DBC-7493A5F5C2E5}.Release|x64.Build.0 = Release|Any CPU
		{9B370B1B-6F71-4C99-9DBC-7493A5F5C2E5}.Release|x86.ActiveCfg = Release|Any CPU
		{9B370B1B-6F71-4C99-9DBC-7493A5F5C2E5}.Release|x86.Build.0 = Release|Any CPU
	EndGlobalSection
	GlobalSection(SolutionProperties) = preSolution
		HideSolutionNode = FALSE
	EndGlobalSection
	GlobalSection(NestedProjects) = preSolution
		{D4FC2335-BAD4-4909-9B34-DF34FDCA3EC7} = {827E0CD3-B72D-47B6-A68D-7590B98EB39B}
		{DE29A6F0-D19D-438B-A385-AA0EBCA33BB5} = {827E0CD3-B72D-47B6-A68D-7590B98EB39B}
		{C14529FC-6602-4D1B-A729-D8F2A6F1EE26} = {827E0CD3-B72D-47B6-A68D-7590B98EB39B}
		{8FFA539B-1BCD-4CAE-813A-FF4B08FB1EC6} = {827E0CD3-B72D-47B6-A68D-7590B98EB39B}
		{8EB2B908-C115-4ECB-95A7-9BA866D52EFB} = {827E0CD3-B72D-47B6-A68D-7590B98EB39B}
		{6BA02F16-8A9D-4816-AD93-7C5CC69820D0} = {827E0CD3-B72D-47B6-A68D-7590B98EB39B}
		{38BE627C-9CB5-44C7-916E-114E7D25887F} = {827E0CD3-B72D-47B6-A68D-7590B98EB39B}
		{2806FBBD-6266-486E-8DAE-896C7C17185C} = {827E0CD3-B72D-47B6-A68D-7590B98EB39B}
		{90298CBA-BD6F-3A0A-69D5-97CAD7B05E7E} = {827E0CD3-B72D-47B6-A68D-7590B98EB39B}
		{4201135F-0075-4583-8806-D8C05EB06724} = {90298CBA-BD6F-3A0A-69D5-97CAD7B05E7E}
		{8609CE29-F99A-43F6-AC2E-43F961699712} = {90298CBA-BD6F-3A0A-69D5-97CAD7B05E7E}
		{EC447DCF-ABFA-6E24-52A5-D7FD48A5C558} = {827E0CD3-B72D-47B6-A68D-7590B98EB39B}
		{0EC62A1A-9858-3A60-8A0C-FC9AACFA2EC7} = {EC447DCF-ABFA-6E24-52A5-D7FD48A5C558}
		{5C6F6D35-BC1B-4372-B623-2B071B25419C} = {0EC62A1A-9858-3A60-8A0C-FC9AACFA2EC7}
		{26C611A2-18A5-42BB-9098-AFFB79155E1B} = {0EC62A1A-9858-3A60-8A0C-FC9AACFA2EC7}
		{2102D98B-ACBF-4DF7-8B38-4A501C6BF50D} = {0EC62A1A-9858-3A60-8A0C-FC9AACFA2EC7}
		{A47450ED-B7A8-4B32-9959-4474F523DF18} = {827E0CD3-B72D-47B6-A68D-7590B98EB39B}
		{294F67E5-B826-42B8-B720-D7904468AA07} = {827E0CD3-B72D-47B6-A68D-7590B98EB39B}
		{18C073E0-6CB1-4693-3636-BFEE619A6192} = {EC447DCF-ABFA-6E24-52A5-D7FD48A5C558}
		{2681CE31-B0B2-4D9A-90D8-5B34FF2600F2} = {18C073E0-6CB1-4693-3636-BFEE619A6192}
		{959FBDA4-D85F-4FDD-AFA1-83BF4D070E12} = {18C073E0-6CB1-4693-3636-BFEE619A6192}
		{1652FDBE-FD70-10D2-8806-7EAA51A58284} = {EC447DCF-ABFA-6E24-52A5-D7FD48A5C558}
		{33D3894B-FFE6-4F1D-9242-9FDD39072055} = {1652FDBE-FD70-10D2-8806-7EAA51A58284}
		{897598F7-1C8A-4422-843A-D2EE7BC0E441} = {1652FDBE-FD70-10D2-8806-7EAA51A58284}
		{3482A603-7AEB-377F-9DA5-9757A465DBE8} = {EC447DCF-ABFA-6E24-52A5-D7FD48A5C558}
		{60D08F7F-6478-44C8-B306-9E770C0570A1} = {3482A603-7AEB-377F-9DA5-9757A465DBE8}
		{88FE2E2A-C339-66C5-DB04-2270D7CD457E} = {EC447DCF-ABFA-6E24-52A5-D7FD48A5C558}
		{AF3DF8FF-7598-4254-9DE1-327E5E3FA5E7} = {88FE2E2A-C339-66C5-DB04-2270D7CD457E}
		{5B4949C4-60F7-B0DA-08B2-116E43E6DF0E} = {EC447DCF-ABFA-6E24-52A5-D7FD48A5C558}
		{1A515E2B-1FAB-4524-9682-08F340768A61} = {5B4949C4-60F7-B0DA-08B2-116E43E6DF0E}
		{1FFFEC65-266C-4718-7BDD-24DD747B41C3} = {EC447DCF-ABFA-6E24-52A5-D7FD48A5C558}
		{463D60CC-8574-4AA3-B695-82C8B348185E} = {1FFFEC65-266C-4718-7BDD-24DD747B41C3}
		{3C342649-D6C6-4547-A86A-44EDB332CC53} = {0AB3BF05-4346-4AA6-1389-037BE0695223}
		{452FA94B-A667-8DDE-CC05-97FAB441D32E} = {EC447DCF-ABFA-6E24-52A5-D7FD48A5C558}
		{CF28BA38-7C3D-4584-9A8A-81DEECB93CF1} = {452FA94B-A667-8DDE-CC05-97FAB441D32E}
		{FBD32476-7579-AC40-C2E6-FD993ACBED04} = {EC447DCF-ABFA-6E24-52A5-D7FD48A5C558}
		{9B370B1B-6F71-4C99-9DBC-7493A5F5C2E5} = {FBD32476-7579-AC40-C2E6-FD993ACBED04}
	EndGlobalSection
EndGlobal
